version = 2

[dependencies._self]
path = "."

[dependencies.meridian-base]
url = "https://github.com/meridian-flow/meridian-base"
version = "v0.2.2"
commit = "40de38de29daa2227750a676b956c36f5797b96a"

[dependencies.meridian-prompter]
url = "https://github.com/meridian-flow/meridian-prompter"
version = "v0.1.7"
commit = "e1f0ea2fc63f8f4e20c17064b3ebff34690e5a2f"

[items."agent/explorer"]
source = "_self"
kind = "agent"
source_checksum = "sha256:62b2f32eb41e976b59bec716bfb2521dfe9026956f36da2e4e6bb7cdae2103c0"

[[items."agent/explorer".outputs]]
target_root = ".mars"
dest_path = "agents/explorer.md"
installed_checksum = "sha256:62b2f32eb41e976b59bec716bfb2521dfe9026956f36da2e4e6bb7cdae2103c0"

[items."agent/kb-maintainer"]
source = "_self"
kind = "agent"
source_checksum = "sha256:b8fba2210c72f7ebdb9b1aa9ea12393079ba38755f5af868ac86a99d75d6ad70"

[[items."agent/kb-maintainer".outputs]]
target_root = ".mars"
dest_path = "agents/kb-maintainer.md"
installed_checksum = "sha256:b8fba2210c72f7ebdb9b1aa9ea12393079ba38755f5af868ac86a99d75d6ad70"

[items."agent/kb-writer"]
source = "_self"
kind = "agent"
source_checksum = "sha256:198d58c163a2ee2deee99c10939c10d6137d7c7ce80d878009e819d9cce7dff5"

[[items."agent/kb-writer".outputs]]
target_root = ".mars"
dest_path = "agents/kb-writer.md"
installed_checksum = "sha256:198d58c163a2ee2deee99c10939c10d6137d7c7ce80d878009e819d9cce7dff5"

[items."agent/meridian-default-orchestrator"]
source = "_self"
kind = "agent"
source_checksum = "sha256:fd60af3212acc6ddc8f1d64e2eec21f2f99eae03643577bc2cbdc6aed4c474b6"

[[items."agent/meridian-default-orchestrator".outputs]]
target_root = ".mars"
dest_path = "agents/meridian-default-orchestrator.md"
installed_checksum = "sha256:fd60af3212acc6ddc8f1d64e2eec21f2f99eae03643577bc2cbdc6aed4c474b6"

[items."agent/meridian-subagent"]
source = "_self"
kind = "agent"
source_checksum = "sha256:72f0c5060b99af974f19d29d615af9065d49fef34a132b3e1b2b9d163c15fdd2"

[[items."agent/meridian-subagent".outputs]]
target_root = ".mars"
dest_path = "agents/meridian-subagent.md"
installed_checksum = "sha256:72f0c5060b99af974f19d29d615af9065d49fef34a132b3e1b2b9d163c15fdd2"

[items."agent/prompt-dev"]
source = "meridian-prompter"
kind = "agent"
version = "v0.1.5"
source_checksum = "sha256:b8585f2fe2aaf7355ebfe3489905e4e3352b860605f47f035135d48166548d75"

[[items."agent/prompt-dev".outputs]]
target_root = ".mars"
dest_path = "agents/prompt-dev.md"
installed_checksum = "sha256:b8585f2fe2aaf7355ebfe3489905e4e3352b860605f47f035135d48166548d75"

[items."agent/prompt-reviewer"]
source = "meridian-prompter"
kind = "agent"
version = "v0.1.3"
source_checksum = "sha256:1079b11c3fbe02d19f3af28c3b0ed6ef0d5067bfcbfb97b9f962fc3b0a450967"

[[items."agent/prompt-reviewer".outputs]]
target_root = ".mars"
dest_path = "agents/prompt-reviewer.md"
installed_checksum = "sha256:1079b11c3fbe02d19f3af28c3b0ed6ef0d5067bfcbfb97b9f962fc3b0a450967"

[items."agent/prompt-tester"]
source = "meridian-prompter"
kind = "agent"
version = "v0.1.3"
source_checksum = "sha256:b184f54d9b1c3ea145a821144a1b2705aa04d50d57f0a21fa0c688ca1e664c39"

[[items."agent/prompt-tester".outputs]]
target_root = ".mars"
dest_path = "agents/prompt-tester.md"
installed_checksum = "sha256:b184f54d9b1c3ea145a821144a1b2705aa04d50d57f0a21fa0c688ca1e664c39"

[items."agent/python-tool-writer"]
source = "meridian-prompter"
kind = "agent"
version = "v0.1.3"
source_checksum = "sha256:5c05cce4f8f2bbf5e6dcbbcbfff1c3e47f69be2dd29f22908bac22e9339c2b37"

[[items."agent/python-tool-writer".outputs]]
target_root = ".mars"
dest_path = "agents/python-tool-writer.md"
installed_checksum = "sha256:5c05cce4f8f2bbf5e6dcbbcbfff1c3e47f69be2dd29f22908bac22e9339c2b37"

[items."agent/session-explorer"]
source = "_self"
kind = "agent"
source_checksum = "sha256:a047dc707ebeccf37d36ea92b6a454d6d11e6765a89d8b416f06d8b3f2826925"

[[items."agent/session-explorer".outputs]]
target_root = ".mars"
dest_path = "agents/session-explorer.md"
installed_checksum = "sha256:a047dc707ebeccf37d36ea92b6a454d6d11e6765a89d8b416f06d8b3f2826925"

[items."agent/web-prompt-researcher"]
source = "meridian-prompter"
kind = "agent"
version = "v0.0.4"
source_checksum = "sha256:a474014b66619b90255ee25761afbd8a9ab1c179e458ed5231a6bdffb5de5091"

[[items."agent/web-prompt-researcher".outputs]]
target_root = ".mars"
dest_path = "agents/web-prompt-researcher.md"
installed_checksum = "sha256:a474014b66619b90255ee25761afbd8a9ab1c179e458ed5231a6bdffb5de5091"

[items."skill/agent-artifacts"]
source = "meridian-prompter"
kind = "skill"
version = "v0.1.5"
source_checksum = "sha256:5d1b09dc0733a172d1d9e89692bc9f8960805b196014fc550ecdf07128de9ae4"

[[items."skill/agent-artifacts".outputs]]
target_root = ".mars"
dest_path = "skills/agent-artifacts"
installed_checksum = "sha256:5d1b09dc0733a172d1d9e89692bc9f8960805b196014fc550ecdf07128de9ae4"

[items."skill/agent-management"]
source = "_self"
kind = "skill"
source_checksum = "sha256:07e6f159dd812d4fe1dc9315d1fd780364bc6a175dab30f5bde3673ac140d98b"

[[items."skill/agent-management".outputs]]
target_root = ".mars"
dest_path = "skills/agent-management"
installed_checksum = "sha256:07e6f159dd812d4fe1dc9315d1fd780364bc6a175dab30f5bde3673ac140d98b"

[items."skill/decision-log"]
source = "_self"
kind = "skill"
source_checksum = "sha256:204f4aa5798fce38786c03d3332adac0fe94e65d4b199bc0a5855c5b0d643cea"

[[items."skill/decision-log".outputs]]
target_root = ".mars"
dest_path = "skills/decision-log"
installed_checksum = "sha256:204f4aa5798fce38786c03d3332adac0fe94e65d4b199bc0a5855c5b0d643cea"

[items."skill/intent-modeling"]
source = "_self"
kind = "skill"
source_checksum = "sha256:bfb3b04b2914abb6a59b5e6ef424c04e5150cbfdaa38a9437301ad94279da6ad"

[[items."skill/intent-modeling".outputs]]
target_root = ".mars"
dest_path = "skills/intent-modeling"
installed_checksum = "sha256:bfb3b04b2914abb6a59b5e6ef424c04e5150cbfdaa38a9437301ad94279da6ad"

[items."skill/kb-conventions"]
source = "_self"
kind = "skill"
source_checksum = "sha256:a4057d9085fadf5acd73b494cb63d7f73f3ab4c62c0b5742e7093b8ee411e820"

[[items."skill/kb-conventions".outputs]]
target_root = ".mars"
dest_path = "skills/kb-conventions"
installed_checksum = "sha256:a4057d9085fadf5acd73b494cb63d7f73f3ab4c62c0b5742e7093b8ee411e820"

[items."skill/llm-writing"]
source = "_self"
kind = "skill"
source_checksum = "sha256:dd619a72aaa413da03c4ef28cc2dba26965b8bae34e5934edc193c75d76ecd58"

[[items."skill/llm-writing".outputs]]
target_root = ".mars"
dest_path = "skills/llm-writing"
installed_checksum = "sha256:dd619a72aaa413da03c4ef28cc2dba26965b8bae34e5934edc193c75d76ecd58"

[items."skill/md-validation"]
source = "_self"
kind = "skill"
source_checksum = "sha256:5bb897ec3104f1987883f437259e56b4f1a552316ce887eeded83df6cf75347a"

[[items."skill/md-validation".outputs]]
target_root = ".mars"
dest_path = "skills/md-validation"
installed_checksum = "sha256:5bb897ec3104f1987883f437259e56b4f1a552316ce887eeded83df6cf75347a"

[items."skill/meridian-privilege-escalation"]
source = "_self"
kind = "skill"
source_checksum = "sha256:2bfd579a796eabdee39d93612d8bae8a595b00471c8f9cadcb18d142746b4a85"

[[items."skill/meridian-privilege-escalation".outputs]]
target_root = ".mars"
dest_path = "skills/meridian-privilege-escalation"
installed_checksum = "sha256:2bfd579a796eabdee39d93612d8bae8a595b00471c8f9cadcb18d142746b4a85"

[items."skill/meridian-spawn"]
source = "_self"
kind = "skill"
source_checksum = "sha256:4f99df398c252ee92a38b2b109568634493ee71711d852ccb016ddd798f4bdb2"

[[items."skill/meridian-spawn".outputs]]
target_root = ".mars"
dest_path = "skills/meridian-spawn"
installed_checksum = "sha256:4f99df398c252ee92a38b2b109568634493ee71711d852ccb016ddd798f4bdb2"

[items."skill/meridian-work-coordination"]
source = "_self"
kind = "skill"
source_checksum = "sha256:b3700e8ecc14a141b52f450be91dafa1f143ea128670e8624ef2ac9bcf7c9ef4"

[[items."skill/meridian-work-coordination".outputs]]
target_root = ".mars"
dest_path = "skills/meridian-work-coordination"
installed_checksum = "sha256:b3700e8ecc14a141b52f450be91dafa1f143ea128670e8624ef2ac9bcf7c9ef4"

[items."skill/prompt-principles"]
source = "meridian-prompter"
kind = "skill"
version = "v0.1.5"
source_checksum = "sha256:868e9f2b1dba146b68a836775b4af46cbbf3dedbb7f8d4005b4148322999a735"

[[items."skill/prompt-principles".outputs]]
target_root = ".mars"
dest_path = "skills/prompt-principles"
installed_checksum = "sha256:868e9f2b1dba146b68a836775b4af46cbbf3dedbb7f8d4005b4148322999a735"

[items."skill/prompt-review"]
source = "meridian-prompter"
kind = "skill"
version = "v0.1.5"
source_checksum = "sha256:2ba7b8490ad8d9ad693cfc997d2a1fb3c7743b99a36ce9829ea1823bbaa5394d"

[[items."skill/prompt-review".outputs]]
target_root = ".mars"
dest_path = "skills/prompt-review"
installed_checksum = "sha256:2ba7b8490ad8d9ad693cfc997d2a1fb3c7743b99a36ce9829ea1823bbaa5394d"

[items."skill/session-mining"]
source = "_self"
kind = "skill"
source_checksum = "sha256:13a504a58a701685e004623c1559f29a87a60cc20490ea0ea82cd21e28320afc"

[[items."skill/session-mining".outputs]]
target_root = ".mars"
dest_path = "skills/session-mining"
installed_checksum = "sha256:13a504a58a701685e004623c1559f29a87a60cc20490ea0ea82cd21e28320afc"

[items."skill/shared-workspace"]
source = "_self"
kind = "skill"
source_checksum = "sha256:92a4f9263cc3c285731d80d87633e92d878b471638a96ce18ea23e84253a37dc"

[[items."skill/shared-workspace".outputs]]
target_root = ".mars"
dest_path = "skills/shared-workspace"
installed_checksum = "sha256:92a4f9263cc3c285731d80d87633e92d878b471638a96ce18ea23e84253a37dc"

[items."skill/skill-artifacts"]
source = "meridian-prompter"
kind = "skill"
version = "v0.1.5"
source_checksum = "sha256:95149c7779ad6368b0361110921781994807d5689152a6539eaa2c4e520672ce"

[[items."skill/skill-artifacts".outputs]]
target_root = ".mars"
dest_path = "skills/skill-artifacts"
installed_checksum = "sha256:95149c7779ad6368b0361110921781994807d5689152a6539eaa2c4e520672ce"
