version = 1

[dependencies._self]
path = "."

[dependencies.meridian-base]
url = "https://github.com/meridian-flow/meridian-base"
version = "v0.0.35"
commit = "37c9e8dafd63855bd1ee0e717023c5df2665005c"

[dependencies.meridian-prompter]
url = "https://github.com/meridian-flow/meridian-prompter"
version = "v0.0.7"
commit = "d1fc3818e68fa94f7be69d73853a38b34c56ce46"

[items."agents/explorer.md"]
source = "_self"
kind = "agent"
source_checksum = "sha256:a6d293dcc99afa75ad6358c655f35b51ea76f38634c6c8b9abf148fe74f9dafe"
installed_checksum = "sha256:a6d293dcc99afa75ad6358c655f35b51ea76f38634c6c8b9abf148fe74f9dafe"
dest_path = "agents/explorer.md"

[items."agents/kb-maintainer.md"]
source = "_self"
kind = "agent"
source_checksum = "sha256:421eab018e47d21a56980644f4ed962d1c077d54beaec6d1e5f9b45402cdb982"
installed_checksum = "sha256:421eab018e47d21a56980644f4ed962d1c077d54beaec6d1e5f9b45402cdb982"
dest_path = "agents/kb-maintainer.md"

[items."agents/kb-writer.md"]
source = "_self"
kind = "agent"
source_checksum = "sha256:0708b1cb6dceb2df98d27a057bcc738171f50828e0cebbb25c84bf4882c48c92"
installed_checksum = "sha256:0708b1cb6dceb2df98d27a057bcc738171f50828e0cebbb25c84bf4882c48c92"
dest_path = "agents/kb-writer.md"

[items."agents/meridian-default-orchestrator.md"]
source = "_self"
kind = "agent"
source_checksum = "sha256:d0e6c1beabe6366f6ed67146eb39633215aeccdbbaedbf37060b1278abd4fbec"
installed_checksum = "sha256:d0e6c1beabe6366f6ed67146eb39633215aeccdbbaedbf37060b1278abd4fbec"
dest_path = "agents/meridian-default-orchestrator.md"

[items."agents/meridian-subagent.md"]
source = "_self"
kind = "agent"
source_checksum = "sha256:72f0c5060b99af974f19d29d615af9065d49fef34a132b3e1b2b9d163c15fdd2"
installed_checksum = "sha256:72f0c5060b99af974f19d29d615af9065d49fef34a132b3e1b2b9d163c15fdd2"
dest_path = "agents/meridian-subagent.md"

[items."agents/prompt-reviewer.md"]
source = "meridian-prompter"
kind = "agent"
version = "v0.0.4"
source_checksum = "sha256:a6dd1dafff624bb678554f6c28ed73ba5b7ef2f7f4399c1cf1b4ee0e124667ee"
installed_checksum = "sha256:a6dd1dafff624bb678554f6c28ed73ba5b7ef2f7f4399c1cf1b4ee0e124667ee"
dest_path = "agents/prompt-reviewer.md"

[items."agents/prompt-tester.md"]
source = "meridian-prompter"
kind = "agent"
version = "v0.0.3"
source_checksum = "sha256:ec3b4a04e4930d297068bff87be30567d96694ced761e7586e3b6f313cff686d"
installed_checksum = "sha256:ec3b4a04e4930d297068bff87be30567d96694ced761e7586e3b6f313cff686d"
dest_path = "agents/prompt-tester.md"

[items."agents/prompter-orchestrator.md"]
source = "meridian-prompter"
kind = "agent"
version = "v0.0.7"
source_checksum = "sha256:449d87482ad674fc9ed78d6bcb0b5f04f4a33e83b8270aab4583517dfe631a52"
installed_checksum = "sha256:449d87482ad674fc9ed78d6bcb0b5f04f4a33e83b8270aab4583517dfe631a52"
dest_path = "agents/prompter-orchestrator.md"

[items."agents/python-tool-writer.md"]
source = "meridian-prompter"
kind = "agent"
version = "v0.0.4"
source_checksum = "sha256:b6ce0c404186cc6f8fc74c281a6d14295d17780feeb93d8939378b9eb32f4c9f"
installed_checksum = "sha256:b6ce0c404186cc6f8fc74c281a6d14295d17780feeb93d8939378b9eb32f4c9f"
dest_path = "agents/python-tool-writer.md"

[items."agents/web-prompt-researcher.md"]
source = "meridian-prompter"
kind = "agent"
version = "v0.0.4"
source_checksum = "sha256:a474014b66619b90255ee25761afbd8a9ab1c179e458ed5231a6bdffb5de5091"
installed_checksum = "sha256:a474014b66619b90255ee25761afbd8a9ab1c179e458ed5231a6bdffb5de5091"
dest_path = "agents/web-prompt-researcher.md"

[items."skills/agent-artifacts"]
source = "meridian-prompter"
kind = "skill"
version = "v0.0.7"
source_checksum = "sha256:b4983e2568518accf6e1bcfa6effaeb7cd4df24bf84a59c583512248f6d7e17b"
installed_checksum = "sha256:b4983e2568518accf6e1bcfa6effaeb7cd4df24bf84a59c583512248f6d7e17b"
dest_path = "skills/agent-artifacts"

[items."skills/agent-creator"]
source = "_self"
kind = "skill"
source_checksum = "sha256:aeced0049a9bae828a3fe0be0e6d267969c7d26665bda33774337be5a4af848c"
installed_checksum = "sha256:aeced0049a9bae828a3fe0be0e6d267969c7d26665bda33774337be5a4af848c"
dest_path = "skills/agent-creator"

[items."skills/decision-log"]
source = "_self"
kind = "skill"
source_checksum = "sha256:07b7fca233343ea04597dd7a68d59d3c86c1cf586478034e51ce5cf41ab1bc8a"
installed_checksum = "sha256:07b7fca233343ea04597dd7a68d59d3c86c1cf586478034e51ce5cf41ab1bc8a"
dest_path = "skills/decision-log"

[items."skills/kb-conventions"]
source = "_self"
kind = "skill"
source_checksum = "sha256:5b27de1eb8f9ea76601e761e5edcb53da0396bcf0d740a503436aa068cae7056"
installed_checksum = "sha256:5b27de1eb8f9ea76601e761e5edcb53da0396bcf0d740a503436aa068cae7056"
dest_path = "skills/kb-conventions"

[items."skills/md-validation"]
source = "_self"
kind = "skill"
source_checksum = "sha256:0e5fc59223dae7833321bc89a26af9af879a0a69fb74ed71c0d64405fff2894b"
installed_checksum = "sha256:0e5fc59223dae7833321bc89a26af9af879a0a69fb74ed71c0d64405fff2894b"
dest_path = "skills/md-validation"

[items."skills/meridian-cli"]
source = "_self"
kind = "skill"
source_checksum = "sha256:972f46407ceaaf4e5538b339aebdfe2f90a37dcba84187422ee3fb3b161c2ee7"
installed_checksum = "sha256:972f46407ceaaf4e5538b339aebdfe2f90a37dcba84187422ee3fb3b161c2ee7"
dest_path = "skills/meridian-cli"

[items."skills/meridian-privilege-escalation"]
source = "_self"
kind = "skill"
source_checksum = "sha256:4e447cfccb17d6ede622a2e084d6b40d18034d6d152b67eea0bedf383ae04831"
installed_checksum = "sha256:4e447cfccb17d6ede622a2e084d6b40d18034d6d152b67eea0bedf383ae04831"
dest_path = "skills/meridian-privilege-escalation"

[items."skills/meridian-spawn"]
source = "_self"
kind = "skill"
source_checksum = "sha256:a9a04f37990371878f9a140630d3e0ee2a1fc7255d0395c8ec4a66e347f08399"
installed_checksum = "sha256:a9a04f37990371878f9a140630d3e0ee2a1fc7255d0395c8ec4a66e347f08399"
dest_path = "skills/meridian-spawn"

[items."skills/meridian-work-coordination"]
source = "_self"
kind = "skill"
source_checksum = "sha256:9e02adfcca6c6f35bf093e46146bf5062c5b06a388c0fe7e6b6b18963805ee6c"
installed_checksum = "sha256:9e02adfcca6c6f35bf093e46146bf5062c5b06a388c0fe7e6b6b18963805ee6c"
dest_path = "skills/meridian-work-coordination"

[items."skills/prompt-principles"]
source = "meridian-prompter"
kind = "skill"
version = "v0.0.7"
source_checksum = "sha256:1957e66a0f7127ae03a1a36062846467ef3da10a79ed37b98367ddc9cbe1ab7f"
installed_checksum = "sha256:1957e66a0f7127ae03a1a36062846467ef3da10a79ed37b98367ddc9cbe1ab7f"
dest_path = "skills/prompt-principles"

[items."skills/prompt-review"]
source = "meridian-prompter"
kind = "skill"
version = "v0.0.4"
source_checksum = "sha256:47eb3e72585527010be8a71d6a1b34537eab9c200f3a48e965c8914b784add4e"
installed_checksum = "sha256:47eb3e72585527010be8a71d6a1b34537eab9c200f3a48e965c8914b784add4e"
dest_path = "skills/prompt-review"

[items."skills/python-tools"]
source = "meridian-prompter"
kind = "skill"
version = "v0.0.3"
source_checksum = "sha256:453a20e334d662caa065beb0a1b93f70852b3c224833118f1a3e248a50d711b3"
installed_checksum = "sha256:453a20e334d662caa065beb0a1b93f70852b3c224833118f1a3e248a50d711b3"
dest_path = "skills/python-tools"

[items."skills/session-mining"]
source = "_self"
kind = "skill"
source_checksum = "sha256:15388cbba3b5bf17711bdf9d3f1dc65ceb675797a5899f106848b816f95e6ace"
installed_checksum = "sha256:15388cbba3b5bf17711bdf9d3f1dc65ceb675797a5899f106848b816f95e6ace"
dest_path = "skills/session-mining"

[items."skills/shared-workspace"]
source = "_self"
kind = "skill"
source_checksum = "sha256:f4c293a3ae25382d6dc60f39c07ee885aeea80fd9cad1ced506c3358b13f90a2"
installed_checksum = "sha256:f4c293a3ae25382d6dc60f39c07ee885aeea80fd9cad1ced506c3358b13f90a2"
dest_path = "skills/shared-workspace"

[items."skills/skill-artifacts"]
source = "meridian-prompter"
kind = "skill"
version = "v0.0.4"
source_checksum = "sha256:b0c6ea29e17f3acd6843a73dfc0f3bc890fe04352f6ab8f4bdb8bdf7c26cbd12"
installed_checksum = "sha256:b0c6ea29e17f3acd6843a73dfc0f3bc890fe04352f6ab8f4bdb8bdf7c26cbd12"
dest_path = "skills/skill-artifacts"

[items."skills/skill-creator"]
source = "_self"
kind = "skill"
source_checksum = "sha256:7079a8982f88098efebe859d02430ec97aeb000f9f52db870615ef16563dc6d1"
installed_checksum = "sha256:7079a8982f88098efebe859d02430ec97aeb000f9f52db870615ef16563dc6d1"
dest_path = "skills/skill-creator"
