version = 2

[dependencies._self]
path = "."

[dependencies.meridian-base]
url = "https://github.com/meridian-flow/meridian-base"
version = "v0.1.3"
commit = "0b191758f42bb15bd6059f03b4750444864843b9"

[dependencies.meridian-prompter]
url = "https://github.com/meridian-flow/meridian-prompter"
version = "v0.1.3"
commit = "48594da6c89211c5a2367698d97d17d030780645"

[items."agent/explorer"]
source = "_self"
kind = "agent"
source_checksum = "sha256:62b2f32eb41e976b59bec716bfb2521dfe9026956f36da2e4e6bb7cdae2103c0"

[[items."agent/explorer".outputs]]
target_root = ".mars"
dest_path = "agents/explorer.md"
installed_checksum = "sha256:62b2f32eb41e976b59bec716bfb2521dfe9026956f36da2e4e6bb7cdae2103c0"

[items."agent/kb-maintainer"]
source = "_self"
kind = "agent"
source_checksum = "sha256:b8fba2210c72f7ebdb9b1aa9ea12393079ba38755f5af868ac86a99d75d6ad70"

[[items."agent/kb-maintainer".outputs]]
target_root = ".mars"
dest_path = "agents/kb-maintainer.md"
installed_checksum = "sha256:b8fba2210c72f7ebdb9b1aa9ea12393079ba38755f5af868ac86a99d75d6ad70"

[items."agent/kb-writer"]
source = "_self"
kind = "agent"
source_checksum = "sha256:198d58c163a2ee2deee99c10939c10d6137d7c7ce80d878009e819d9cce7dff5"

[[items."agent/kb-writer".outputs]]
target_root = ".mars"
dest_path = "agents/kb-writer.md"
installed_checksum = "sha256:198d58c163a2ee2deee99c10939c10d6137d7c7ce80d878009e819d9cce7dff5"

[items."agent/meridian-default-orchestrator"]
source = "_self"
kind = "agent"
source_checksum = "sha256:fd60af3212acc6ddc8f1d64e2eec21f2f99eae03643577bc2cbdc6aed4c474b6"

[[items."agent/meridian-default-orchestrator".outputs]]
target_root = ".mars"
dest_path = "agents/meridian-default-orchestrator.md"
installed_checksum = "sha256:fd60af3212acc6ddc8f1d64e2eec21f2f99eae03643577bc2cbdc6aed4c474b6"

[items."agent/meridian-subagent"]
source = "_self"
kind = "agent"
source_checksum = "sha256:72f0c5060b99af974f19d29d615af9065d49fef34a132b3e1b2b9d163c15fdd2"

[[items."agent/meridian-subagent".outputs]]
target_root = ".mars"
dest_path = "agents/meridian-subagent.md"
installed_checksum = "sha256:72f0c5060b99af974f19d29d615af9065d49fef34a132b3e1b2b9d163c15fdd2"

[items."agent/prompt-dev"]
source = "meridian-prompter"
kind = "agent"
version = "v0.1.3"
source_checksum = "sha256:195c56e742002284075a2d3b7ceba337213f7941e30032fd50bc416e6c16986e"

[[items."agent/prompt-dev".outputs]]
target_root = ".mars"
dest_path = "agents/prompt-dev.md"
installed_checksum = "sha256:195c56e742002284075a2d3b7ceba337213f7941e30032fd50bc416e6c16986e"

[items."agent/prompt-reviewer"]
source = "meridian-prompter"
kind = "agent"
version = "v0.1.3"
source_checksum = "sha256:1079b11c3fbe02d19f3af28c3b0ed6ef0d5067bfcbfb97b9f962fc3b0a450967"

[[items."agent/prompt-reviewer".outputs]]
target_root = ".mars"
dest_path = "agents/prompt-reviewer.md"
installed_checksum = "sha256:1079b11c3fbe02d19f3af28c3b0ed6ef0d5067bfcbfb97b9f962fc3b0a450967"

[items."agent/prompt-tester"]
source = "meridian-prompter"
kind = "agent"
version = "v0.1.3"
source_checksum = "sha256:b184f54d9b1c3ea145a821144a1b2705aa04d50d57f0a21fa0c688ca1e664c39"

[[items."agent/prompt-tester".outputs]]
target_root = ".mars"
dest_path = "agents/prompt-tester.md"
installed_checksum = "sha256:b184f54d9b1c3ea145a821144a1b2705aa04d50d57f0a21fa0c688ca1e664c39"

[items."agent/python-tool-writer"]
source = "meridian-prompter"
kind = "agent"
version = "v0.1.3"
source_checksum = "sha256:5c05cce4f8f2bbf5e6dcbbcbfff1c3e47f69be2dd29f22908bac22e9339c2b37"

[[items."agent/python-tool-writer".outputs]]
target_root = ".mars"
dest_path = "agents/python-tool-writer.md"
installed_checksum = "sha256:5c05cce4f8f2bbf5e6dcbbcbfff1c3e47f69be2dd29f22908bac22e9339c2b37"

[items."agent/session-explorer"]
source = "_self"
kind = "agent"
source_checksum = "sha256:a047dc707ebeccf37d36ea92b6a454d6d11e6765a89d8b416f06d8b3f2826925"

[[items."agent/session-explorer".outputs]]
target_root = ".mars"
dest_path = "agents/session-explorer.md"
installed_checksum = "sha256:a047dc707ebeccf37d36ea92b6a454d6d11e6765a89d8b416f06d8b3f2826925"

[items."agent/web-prompt-researcher"]
source = "meridian-prompter"
kind = "agent"
version = "v0.0.4"
source_checksum = "sha256:a474014b66619b90255ee25761afbd8a9ab1c179e458ed5231a6bdffb5de5091"

[[items."agent/web-prompt-researcher".outputs]]
target_root = ".mars"
dest_path = "agents/web-prompt-researcher.md"
installed_checksum = "sha256:a474014b66619b90255ee25761afbd8a9ab1c179e458ed5231a6bdffb5de5091"

[items."skill/agent-artifacts"]
source = "meridian-prompter"
kind = "skill"
version = "v0.1.3"
source_checksum = "sha256:60abafa855602da379ae616d74680c35b2a78ad600f3c0683980a9942935a91a"

[[items."skill/agent-artifacts".outputs]]
target_root = ".mars"
dest_path = "skills/agent-artifacts"
installed_checksum = "sha256:60abafa855602da379ae616d74680c35b2a78ad600f3c0683980a9942935a91a"

[items."skill/agent-management"]
source = "_self"
kind = "skill"
source_checksum = "sha256:32a4037edb4b001d35e7530bedf165e2d7edf669020ae5691de933d7a5b60973"

[[items."skill/agent-management".outputs]]
target_root = ".mars"
dest_path = "skills/agent-management"
installed_checksum = "sha256:32a4037edb4b001d35e7530bedf165e2d7edf669020ae5691de933d7a5b60973"

[items."skill/decision-log"]
source = "_self"
kind = "skill"
source_checksum = "sha256:79b9ddf2589a979a131df9aa6aebaa358692248ccf11182ba1b602c99965e93e"

[[items."skill/decision-log".outputs]]
target_root = ".mars"
dest_path = "skills/decision-log"
installed_checksum = "sha256:79b9ddf2589a979a131df9aa6aebaa358692248ccf11182ba1b602c99965e93e"

[items."skill/intent-modeling"]
source = "_self"
kind = "skill"
source_checksum = "sha256:bfb3b04b2914abb6a59b5e6ef424c04e5150cbfdaa38a9437301ad94279da6ad"

[[items."skill/intent-modeling".outputs]]
target_root = ".mars"
dest_path = "skills/intent-modeling"
installed_checksum = "sha256:bfb3b04b2914abb6a59b5e6ef424c04e5150cbfdaa38a9437301ad94279da6ad"

[items."skill/kb-conventions"]
source = "_self"
kind = "skill"
source_checksum = "sha256:13874011c3ea7eedf9e4bb0b2e16716fb0b0e8e0a3ed4de712a1000fe54722b4"

[[items."skill/kb-conventions".outputs]]
target_root = ".mars"
dest_path = "skills/kb-conventions"
installed_checksum = "sha256:13874011c3ea7eedf9e4bb0b2e16716fb0b0e8e0a3ed4de712a1000fe54722b4"

[items."skill/llm-writing"]
source = "_self"
kind = "skill"
source_checksum = "sha256:dd619a72aaa413da03c4ef28cc2dba26965b8bae34e5934edc193c75d76ecd58"

[[items."skill/llm-writing".outputs]]
target_root = ".mars"
dest_path = "skills/llm-writing"
installed_checksum = "sha256:dd619a72aaa413da03c4ef28cc2dba26965b8bae34e5934edc193c75d76ecd58"

[items."skill/md-validation"]
source = "_self"
kind = "skill"
source_checksum = "sha256:eef9a4d6b18a3e7580aea4988f0f0e44992ea38b4adc63c517b4aea304229c25"

[[items."skill/md-validation".outputs]]
target_root = ".mars"
dest_path = "skills/md-validation"
installed_checksum = "sha256:eef9a4d6b18a3e7580aea4988f0f0e44992ea38b4adc63c517b4aea304229c25"

[items."skill/meridian-privilege-escalation"]
source = "_self"
kind = "skill"
source_checksum = "sha256:9be5d02fb79607b2b3f666f30857459c35ceaf2284ef12250266eef39c8cbb52"

[[items."skill/meridian-privilege-escalation".outputs]]
target_root = ".mars"
dest_path = "skills/meridian-privilege-escalation"
installed_checksum = "sha256:9be5d02fb79607b2b3f666f30857459c35ceaf2284ef12250266eef39c8cbb52"

[items."skill/meridian-spawn"]
source = "_self"
kind = "skill"
source_checksum = "sha256:f8729d85c6adcfa4151fa728e9061968cde353355061ec732e08e32cc5171c57"

[[items."skill/meridian-spawn".outputs]]
target_root = ".mars"
dest_path = "skills/meridian-spawn"
installed_checksum = "sha256:f8729d85c6adcfa4151fa728e9061968cde353355061ec732e08e32cc5171c57"

[items."skill/meridian-work-coordination"]
source = "_self"
kind = "skill"
source_checksum = "sha256:5d3375b1f61231346265dcdd648f81391a4472f4df23d7c7529073b1a06ff983"

[[items."skill/meridian-work-coordination".outputs]]
target_root = ".mars"
dest_path = "skills/meridian-work-coordination"
installed_checksum = "sha256:5d3375b1f61231346265dcdd648f81391a4472f4df23d7c7529073b1a06ff983"

[items."skill/prompt-principles"]
source = "meridian-prompter"
kind = "skill"
version = "v0.1.3"
source_checksum = "sha256:135f6088c4d6117fb036a9df8db88893910fd9e6ef233bf3ac7cf52af4528e8f"

[[items."skill/prompt-principles".outputs]]
target_root = ".mars"
dest_path = "skills/prompt-principles"
installed_checksum = "sha256:135f6088c4d6117fb036a9df8db88893910fd9e6ef233bf3ac7cf52af4528e8f"

[items."skill/prompt-review"]
source = "meridian-prompter"
kind = "skill"
version = "v0.1.3"
source_checksum = "sha256:da72bddeca4736be2efc3f2f15ca638a5c3994533f86228eda78ceaa4382eb8c"

[[items."skill/prompt-review".outputs]]
target_root = ".mars"
dest_path = "skills/prompt-review"
installed_checksum = "sha256:da72bddeca4736be2efc3f2f15ca638a5c3994533f86228eda78ceaa4382eb8c"

[items."skill/session-mining"]
source = "_self"
kind = "skill"
source_checksum = "sha256:548d895edb45cca0d5d08685004f91b16c7015d71677ecf3ce484be07aa04b92"

[[items."skill/session-mining".outputs]]
target_root = ".mars"
dest_path = "skills/session-mining"
installed_checksum = "sha256:548d895edb45cca0d5d08685004f91b16c7015d71677ecf3ce484be07aa04b92"

[items."skill/shared-workspace"]
source = "_self"
kind = "skill"
source_checksum = "sha256:467ec3a0612f28b99f849306572b7da94bbbaf7c4b3ed04f824facc132f4c521"

[[items."skill/shared-workspace".outputs]]
target_root = ".mars"
dest_path = "skills/shared-workspace"
installed_checksum = "sha256:467ec3a0612f28b99f849306572b7da94bbbaf7c4b3ed04f824facc132f4c521"

[items."skill/skill-artifacts"]
source = "meridian-prompter"
kind = "skill"
version = "v0.1.3"
source_checksum = "sha256:9e2ec86c49310227931f5f49621be29d47250018a0db956e1655324551dfe5b5"

[[items."skill/skill-artifacts".outputs]]
target_root = ".mars"
dest_path = "skills/skill-artifacts"
installed_checksum = "sha256:9e2ec86c49310227931f5f49621be29d47250018a0db956e1655324551dfe5b5"
